// !$*UTF8*$!
{
	archiveVersion = 1;
	classes = {
	};
	objectVersion = 55;
	objects = {

/* Begin PBXBuildFile section */
		8E3E720128DD73A300E6B9D8 /* OverView.m in Sources */ = {isa = PBXBuildFile; fileRef = 8E3E720028DD73A300E6B9D8 /* OverView.m */; };
		8E43C69E28DD46C900C77080 /* AppDelegate.m in Sources */ = {isa = PBXBuildFile; fileRef = 8E43C69D28DD46C900C77080 /* AppDelegate.m */; };
		8E43C6A128DD46C900C77080 /* SceneDelegate.m in Sources */ = {isa = PBXBuildFile; fileRef = 8E43C6A028DD46C900C77080 /* SceneDelegate.m */; };
		8E43C6A428DD46C900C77080 /* ViewController.m in Sources */ = {isa = PBXBuildFile; fileRef = 8E43C6A328DD46C900C77080 /* ViewController.m */; };
		8E43C6A728DD46C900C77080 /* Main.storyboard in Resources */ = {isa = PBXBuildFile; fileRef = 8E43C6A528DD46C900C77080 /* Main.storyboard */; };
		8E43C6A928DD46CA00C77080 /* Assets.xcassets in Resources */ = {isa = PBXBuildFile; fileRef = 8E43C6A828DD46CA00C77080 /* Assets.xcassets */; };
		8E43C6AC28DD46CA00C77080 /* LaunchScreen.storyboard in Resources */ = {isa = PBXBuildFile; fileRef = 8E43C6AA28DD46CA00C77080 /* LaunchScreen.storyboard */; };
		8E43C6AF28DD46CA00C77080 /* main.m in Sources */ = {isa = PBXBuildFile; fileRef = 8E43C6AE28DD46CA00C77080 /* main.m */; };
		8E43C6B928DD46CB00C77080 /* TestDrawTests.m in Sources */ = {isa = PBXBuildFile; fileRef = 8E43C6B828DD46CB00C77080 /* TestDrawTests.m */; };
		8E43C6C328DD46CB00C77080 /* TestDrawUITests.m in Sources */ = {isa = PBXBuildFile; fileRef = 8E43C6C228DD46CB00C77080 /* TestDrawUITests.m */; };
		8E43C6C528DD46CB00C77080 /* TestDrawUITestsLaunchTests.m in Sources */ = {isa = PBXBuildFile; fileRef = 8E43C6C428DD46CB00C77080 /* TestDrawUITestsLaunchTests.m */; };
/* End PBXBuildFile section */

/* Begin PBXContainerItemProxy section */
		8E43C6B528DD46CB00C77080 /* PBXContainerItemProxy */ = {
			isa = PBXContainerItemProxy;
			containerPortal = 8E43C69128DD46C900C77080 /* Project object */;
			proxyType = 1;
			remoteGlobalIDString = 8E43C69828DD46C900C77080;
			remoteInfo = TestDraw;
		};
		8E43C6BF28DD46CB00C77080 /* PBXContainerItemProxy */ = {
			isa = PBXContainerItemProxy;
			containerPortal = 8E43C69128DD46C900C77080 /* Project object */;
			proxyType = 1;
			remoteGlobalIDString = 8E43C69828DD46C900C77080;
			remoteInfo = TestDraw;
		};
/* End PBXContainerItemProxy section */

/* Begin PBXFileReference section */
		8E3E71FF28DD73A300E6B9D8 /* OverView.h */ = {isa = PBXFileReference; lastKnownFileType = sourcecode.c.h; path = OverView.h; sourceTree = "<group>"; };
		8E3E720028DD73A300E6B9D8 /* OverView.m */ = {isa = PBXFileReference; lastKnownFileType = sourcecode.c.objc; path = OverView.m; sourceTree = "<group>"; };
		8E43C69928DD46C900C77080 /* TestDraw.app */ = {isa = PBXFileReference; explicitFileType = wrapper.application; includeInIndex = 0; path = TestDraw.app; sourceTree = BUILT_PRODUCTS_DIR; };
		8E43C69C28DD46C900C77080 /* AppDelegate.h */ = {isa = PBXFileReference; lastKnownFileType = sourcecode.c.h; path = AppDelegate.h; sourceTree = "<group>"; };
		8E43C69D28DD46C900C77080 /* AppDelegate.m */ = {isa = PBXFileReference; lastKnownFileType = sourcecode.c.objc; path = AppDelegate.m; sourceTree = "<group>"; };
		8E43C69F28DD46C900C77080 /* SceneDelegate.h */ = {isa = PBXFileReference; lastKnownFileType = sourcecode.c.h; path = SceneDelegate.h; sourceTree = "<group>"; };
		8E43C6A028DD46C900C77080 /* SceneDelegate.m */ = {isa = PBXFileReference; lastKnownFileType = sourcecode.c.objc; path = SceneDelegate.m; sourceTree = "<group>"; };
		8E43C6A228DD46C900C77080 /* ViewController.h */ = {isa = PBXFileReference; lastKnownFileType = sourcecode.c.h; path = ViewController.h; sourceTree = "<group>"; };
		8E43C6A328DD46C900C77080 /* ViewController.m */ = {isa = PBXFileReference; lastKnownFileType = sourcecode.c.objc; path = ViewController.m; sourceTree = "<group>"; };
		8E43C6A628DD46C900C77080 /* Base */ = {isa = PBXFileReference; lastKnownFileType = file.storyboard; name = Base; path = Base.lproj/Main.storyboard; sourceTree = "<group>"; };
		8E43C6A828DD46CA00C77080 /* Assets.xcassets */ = {isa = PBXFileReference; lastKnownFileType = folder.assetcatalog; path = Assets.xcassets; sourceTree = "<group>"; };
		8E43C6AB28DD46CA00C77080 /* Base */ = {isa = PBXFileReference; lastKnownFileType = file.storyboard; name = Base; path = Base.lproj/LaunchScreen.storyboard; sourceTree = "<group>"; };
		8E43C6AD28DD46CA00C77080 /* Info.plist */ = {isa = PBXFileReference; lastKnownFileType = text.plist.xml; path = Info.plist; sourceTree = "<group>"; };
		8E43C6AE28DD46CA00C77080 /* main.m */ = {isa = PBXFileReference; lastKnownFileType = sourcecode.c.objc; path = main.m; sourceTree = "<group>"; };
		8E43C6B428DD46CB00C77080 /* TestDrawTests.xctest */ = {isa = PBXFileReference; explicitFileType = wrapper.cfbundle; includeInIndex = 0; path = TestDrawTests.xctest; sourceTree = BUILT_PRODUCTS_DIR; };
		8E43C6B828DD46CB00C77080 /* TestDrawTests.m */ = {isa = PBXFileReference; lastKnownFileType = sourcecode.c.objc; path = TestDrawTests.m; sourceTree = "<group>"; };
		8E43C6BE28DD46CB00C77080 /* TestDrawUITests.xctest */ = {isa = PBXFileReference; explicitFileType = wrapper.cfbundle; includeInIndex = 0; path = TestDrawUITests.xctest; sourceTree = BUILT_PRODUCTS_DIR; };
		8E43C6C228DD46CB00C77080 /* TestDrawUITests.m */ = {isa = PBXFileReference; lastKnownFileType = sourcecode.c.objc; path = TestDrawUITests.m; sourceTree = "<group>"; };
		8E43C6C428DD46CB00C77080 /* TestDrawUITestsLaunchTests.m */ = {isa = PBXFileReference; lastKnownFileType = sourcecode.c.objc; path = TestDrawUITestsLaunchTests.m; sourceTree = "<group>"; };
/* End PBXFileReference section */

/* Begin PBXFrameworksBuildPhase section */
		8E43C69628DD46C900C77080 /* Frameworks */ = {
			isa = PBXFrameworksBuildPhase;
			buildActionMask = 2147483647;
			files = (
			);
			runOnlyForDeploymentPostprocessing = 0;
		};
		8E43C6B128DD46CB00C77080 /* Frameworks */ = {
			isa = PBXFrameworksBuildPhase;
			buildActionMask = 2147483647;
			files = (
			);
			runOnlyForDeploymentPostprocessing = 0;
		};
		8E43C6BB28DD46CB00C77080 /* Frameworks */ = {
			isa = PBXFrameworksBuildPhase;
			buildActionMask = 2147483647;
			files = (
			);
			runOnlyForDeploymentPostprocessing = 0;
		};
/* End PBXFrameworksBuildPhase section */

/* Begin PBXGroup section */
		8E43C69028DD46C900C77080 = {
			isa = PBXGroup;
			children = (
				8E43C69B28DD46C900C77080 /* TestDraw */,
				8E43C6B728DD46CB00C77080 /* TestDrawTests */,
				8E43C6C128DD46CB00C77080 /* TestDrawUITests */,
				8E43C69A28DD46C900C77080 /* Products */,
			);
			sourceTree = "<group>";
		};
		8E43C69A28DD46C900C77080 /* Products */ = {
			isa = PBXGroup;
			children = (
				8E43C69928DD46C900C77080 /* TestDraw.app */,
				8E43C6B428DD46CB00C77080 /* TestDrawTests.xctest */,
				8E43C6BE28DD46CB00C77080 /* TestDrawUITests.xctest */,
			);
			name = Products;
			sourceTree = "<group>";
		};
		8E43C69B28DD46C900C77080 /* TestDraw */ = {
			isa = PBXGroup;
			children = (
				8E43C69C28DD46C900C77080 /* AppDelegate.h */,
				8E43C69D28DD46C900C77080 /* AppDelegate.m */,
				8E43C69F28DD46C900C77080 /* SceneDelegate.h */,
				8E43C6A028DD46C900C77080 /* SceneDelegate.m */,
				8E43C6A228DD46C900C77080 /* ViewController.h */,
				8E43C6A328DD46C900C77080 /* ViewController.m */,
				8E3E71FF28DD73A300E6B9D8 /* OverView.h */,
				8E3E720028DD73A300E6B9D8 /* OverView.m */,
				8E43C6A528DD46C900C77080 /* Main.storyboard */,
				8E43C6A828DD46CA00C77080 /* Assets.xcassets */,
				8E43C6AA28DD46CA00C77080 /* LaunchScreen.storyboard */,
				8E43C6AD28DD46CA00C77080 /* Info.plist */,
				8E43C6AE28DD46CA00C77080 /* main.m */,
			);
			path = TestDraw;
			sourceTree = "<group>";
		};
		8E43C6B728DD46CB00C77080 /* TestDrawTests */ = {
			isa = PBXGroup;
			children = (
				8E43C6B828DD46CB00C77080 /* TestDrawTests.m */,
			);
			path = TestDrawTests;
			sourceTree = "<group>";
		};
		8E43C6C128DD46CB00C77080 /* TestDrawUITests */ = {
			isa = PBXGroup;
			children = (
				8E43C6C228DD46CB00C77080 /* TestDrawUITests.m */,
				8E43C6C428DD46CB00C77080 /* TestDrawUITestsLaunchTests.m */,
			);
			path = TestDrawUITests;
			sourceTree = "<group>";
		};
/* End PBXGroup section */

/* Begin PBXNativeTarget section */
		8E43C69828DD46C900C77080 /* TestDraw */ = {
			isa = PBXNativeTarget;
			buildConfigurationList = 8E43C6C828DD46CB00C77080 /* Build configuration list for PBXNativeTarget "TestDraw" */;
			buildPhases = (
				8E43C69528DD46C900C77080 /* Sources */,
				8E43C69628DD46C900C77080 /* Frameworks */,
				8E43C69728DD46C900C77080 /* Resources */,
			);
			buildRules = (
			);
			dependencies = (
			);
			name = TestDraw;
			productName = TestDraw;
			productReference = 8E43C69928DD46C900C77080 /* TestDraw.app */;
			productType = "com.apple.product-type.application";
		};
		8E43C6B328DD46CB00C77080 /* TestDrawTests */ = {
			isa = PBXNativeTarget;
			buildConfigurationList = 8E43C6CB28DD46CB00C77080 /* Build configuration list for PBXNativeTarget "TestDrawTests" */;
			buildPhases = (
				8E43C6B028DD46CB00C77080 /* Sources */,
				8E43C6B128DD46CB00C77080 /* Frameworks */,
				8E43C6B228DD46CB00C77080 /* Resources */,
			);
			buildRules = (
			);
			dependencies = (
				8E43C6B628DD46CB00C77080 /* PBXTargetDependency */,
			);
			name = TestDrawTests;
			productName = TestDrawTests;
			productReference = 8E43C6B428DD46CB00C77080 /* TestDrawTests.xctest */;
			productType = "com.apple.product-type.bundle.unit-test";
		};
		8E43C6BD28DD46CB00C77080 /* TestDrawUITests */ = {
			isa = PBXNativeTarget;
			buildConfigurationList = 8E43C6CE28DD46CB00C77080 /* Build configuration list for PBXNativeTarget "TestDrawUITests" */;
			buildPhases = (
				8E43C6BA28DD46CB00C77080 /* Sources */,
				8E43C6BB28DD46CB00C77080 /* Frameworks */,
				8E43C6BC28DD46CB00C77080 /* Resources */,
			);
			buildRules = (
			);
			dependencies = (
				8E43C6C028DD46CB00C77080 /* PBXTargetDependency */,
			);
			name = TestDrawUITests;
			productName = TestDrawUITests;
			productReference = 8E43C6BE28DD46CB00C77080 /* TestDrawUITests.xctest */;
			productType = "com.apple.product-type.bundle.ui-testing";
		};
/* End PBXNativeTarget section */

/* Begin PBXProject section */
		8E43C69128DD46C900C77080 /* Project object */ = {
			isa = PBXProject;
			attributes = {
				BuildIndependentTargetsInParallel = 1;
				LastUpgradeCheck = 1340;
				TargetAttributes = {
					8E43C69828DD46C900C77080 = {
						CreatedOnToolsVersion = 13.4;
					};
					8E43C6B328DD46CB00C77080 = {
						CreatedOnToolsVersion = 13.4;
						TestTargetID = 8E43C69828DD46C900C77080;
					};
					8E43C6BD28DD46CB00C77080 = {
						CreatedOnToolsVersion = 13.4;
						TestTargetID = 8E43C69828DD46C900C77080;
					};
				};
			};
			buildConfigurationList = 8E43C69428DD46C900C77080 /* Build configuration list for PBXProject "TestDraw" */;
			compatibilityVersion = "Xcode 13.0";
			developmentRegion = en;
			hasScannedForEncodings = 0;
			knownRegions = (
				en,
				Base,
			);
			mainGroup = 8E43C69028DD46C900C77080;
			productRefGroup = 8E43C69A28DD46C900C77080 /* Products */;
			projectDirPath = "";
			projectRoot = "";
			targets = (
				8E43C69828DD46C900C77080 /* TestDraw */,
				8E43C6B328DD46CB00C77080 /* TestDrawTests */,
				8E43C6BD28DD46CB00C77080 /* TestDrawUITests */,
			);
		};
/* End PBXProject section */

/* Begin PBXResourcesBuildPhase section */
		8E43C69728DD46C900C77080 /* Resources */ = {
			isa = PBXResourcesBuildPhase;
			buildActionMask = 2147483647;
			files = (
				8E43C6AC28DD46CA00C77080 /* LaunchScreen.storyboard in Resources */,
				8E43C6A928DD46CA00C77080 /* Assets.xcassets in Resources */,
				8E43C6A728DD46C900C77080 /* Main.storyboard in Resources */,
			);
			runOnlyForDeploymentPostprocessing = 0;
		};
		8E43C6B228DD46CB00C77080 /* Resources */ = {
			isa = PBXResourcesBuildPhase;
			buildActionMask = 2147483647;
			files = (
			);
			runOnlyForDeploymentPostprocessing = 0;
		};
		8E43C6BC28DD46CB00C77080 /* Resources */ = {
			isa = PBXResourcesBuildPhase;
			buildActionMask = 2147483647;
			files = (
			);
			runOnlyForDeploymentPostprocessing = 0;
		};
/* End PBXResourcesBuildPhase section */

/* Begin PBXSourcesBuildPhase section */
		8E43C69528DD46C900C77080 /* Sources */ = {
			isa = PBXSourcesBuildPhase;
			buildActionMask = 2147483647;
			files = (
				8E43C6A428DD46C900C77080 /* ViewController.m in Sources */,
				8E3E720128DD73A300E6B9D8 /* OverView.m in Sources */,
				8E43C69E28DD46C900C77080 /* AppDelegate.m in Sources */,
				8E43C6AF28DD46CA00C77080 /* main.m in Sources */,
				8E43C6A128DD46C900C77080 /* SceneDelegate.m in Sources */,
			);
			runOnlyForDeploymentPostprocessing = 0;
		};
		8E43C6B028DD46CB00C77080 /* Sources */ = {
			isa = PBXSourcesBuildPhase;
			buildActionMask = 2147483647;
			files = (
				8E43C6B928DD46CB00C77080 /* TestDrawTests.m in Sources */,
			);
			runOnlyForDeploymentPostprocessing = 0;
		};
		8E43C6BA28DD46CB00C77080 /* Sources */ = {
			isa = PBXSourcesBuildPhase;
			buildActionMask = 2147483647;
			files = (
				8E43C6C528DD46CB00C77080 /* TestDrawUITestsLaunchTests.m in Sources */,
				8E43C6C328DD46CB00C77080 /* TestDrawUITests.m in Sources */,
			);
			runOnlyForDeploymentPostprocessing = 0;
		};
/* End PBXSourcesBuildPhase section */

/* Begin PBXTargetDependency section */
		8E43C6B628DD46CB00C77080 /* PBXTargetDependency */ = {
			isa = PBXTargetDependency;
			target = 8E43C69828DD46C900C77080 /* TestDraw */;
			targetProxy = 8E43C6B528DD46CB00C77080 /* PBXContainerItemProxy */;
		};
		8E43C6C028DD46CB00C77080 /* PBXTargetDependency */ = {
			isa = PBXTargetDependency;
			target = 8E43C69828DD46C900C77080 /* TestDraw */;
			targetProxy = 8E43C6BF28DD46CB00C77080 /* PBXContainerItemProxy */;
		};
/* End PBXTargetDependency section */

/* Begin PBXVariantGroup section */
		8E43C6A528DD46C900C77080 /* Main.storyboard */ = {
			isa = PBXVariantGroup;
			children = (
				8E43C6A628DD46C900C77080 /* Base */,
			);
			name = Main.storyboard;
			sourceTree = "<group>";
		};
		8E43C6AA28DD46CA00C77080 /* LaunchScreen.storyboard */ = {
			isa = PBXVariantGroup;
			children = (
				8E43C6AB28DD46CA00C77080 /* Base */,
			);
			name = LaunchScreen.storyboard;
			sourceTree = "<group>";
		};
/* End PBXVariantGroup section */

/* Begin XCBuildConfiguration section */
		8E43C6C628DD46CB00C77080 /* Debug */ = {
			isa = XCBuildConfiguration;
			buildSettings = {
				ALWAYS_SEARCH_USER_PATHS = NO;
				CLANG_ANALYZER_NONNULL = YES;
				CLANG_ANALYZER_NUMBER_OBJECT_CONVERSION = YES_AGGRESSIVE;
				CLANG_CXX_LANGUAGE_STANDARD = "gnu++17";
				CLANG_ENABLE_MODULES = YES;
				CLANG_ENABLE_OBJC_ARC = YES;
				CLANG_ENABLE_OBJC_WEAK = YES;
				CLANG_WARN_BLOCK_CAPTURE_AUTORELEASING = YES;
				CLANG_WARN_BOOL_CONVERSION = YES;
				CLANG_WARN_COMMA = YES;
				CLANG_WARN_CONSTANT_CONVERSION = YES;
				CLANG_WARN_DEPRECATED_OBJC_IMPLEMENTATIONS = YES;
				CLANG_WARN_DIRECT_OBJC_ISA_USAGE = YES_ERROR;
				CLANG_WARN_DOCUMENTATION_COMMENTS = YES;
				CLANG_WARN_EMPTY_BODY = YES;
				CLANG_WARN_ENUM_CONVERSION = YES;
				CLANG_WARN_INFINITE_RECURSION = YES;
				CLANG_WARN_INT_CONVERSION = YES;
				CLANG_WARN_NON_LITERAL_NULL_CONVERSION = YES;
				CLANG_WARN_OBJC_IMPLICIT_RETAIN_SELF = YES;
				CLANG_WARN_OBJC_LITERAL_CONVERSION = YES;
				CLANG_WARN_OBJC_ROOT_CLASS = YES_ERROR;
				CLANG_WARN_QUOTED_INCLUDE_IN_FRAMEWORK_HEADER = YES;
				CLANG_WARN_RANGE_LOOP_ANALYSIS = YES;
				CLANG_WARN_STRICT_PROTOTYPES = YES;
				CLANG_WARN_SUSPICIOUS_MOVE = YES;
				CLANG_WARN_UNGUARDED_AVAILABILITY = YES_AGGRESSIVE;
				CLANG_WARN_UNREACHABLE_CODE = YES;
				CLANG_WARN__DUPLICATE_METHOD_MATCH = YES;
				COPY_PHASE_STRIP = NO;
				DEBUG_INFORMATION_FORMAT = dwarf;
				ENABLE_STRICT_OBJC_MSGSEND = YES;
				ENABLE_TESTABILITY = YES;
				GCC_C_LANGUAGE_STANDARD = gnu11;
				GCC_DYNAMIC_NO_PIC = NO;
				GCC_NO_COMMON_BLOCKS = YES;
				GCC_OPTIMIZATION_LEVEL = 0;
				GCC_PREPROCESSOR_DEFINITIONS = (
					"DEBUG=1",
					"$(inherited)",
				);
				GCC_WARN_64_TO_32_BIT_CONVERSION = YES;
				GCC_WARN_ABOUT_RETURN_TYPE = YES_ERROR;
				GCC_WARN_UNDECLARED_SELECTOR = YES;
				GCC_WARN_UNINITIALIZED_AUTOS = YES_AGGRESSIVE;
				GCC_WARN_UNUSED_FUNCTION = YES;
				GCC_WARN_UNUSED_VARIABLE = YES;
				IPHONEOS_DEPLOYMENT_TARGET = 15.5;
				MTL_ENABLE_DEBUG_INFO = INCLUDE_SOURCE;
				MTL_FAST_MATH = YES;
				ONLY_ACTIVE_ARCH = YES;
				SDKROOT = iphoneos;
			};
			name = Debug;
		};
		8E43C6C728DD46CB00C77080 /* Release */ = {
			isa = XCBuildConfiguration;
			buildSettings = {
				ALWAYS_SEARCH_USER_PATHS = NO;
				CLANG_ANALYZER_NONNULL = YES;
				CLANG_ANALYZER_NUMBER_OBJECT_CONVERSION = YES_AGGRESSIVE;
				CLANG_CXX_LANGUAGE_STANDARD = "gnu++17";
				CLANG_ENABLE_MODULES = YES;
				CLANG_ENABLE_OBJC_ARC = YES;
				CLANG_ENABLE_OBJC_WEAK = YES;
				CLANG_WARN_BLOCK_CAPTURE_AUTORELEASING = YES;
				CLANG_WARN_BOOL_CONVERSION = YES;
				CLANG_WARN_COMMA = YES;
				CLANG_WARN_CONSTANT_CONVERSION = YES;
				CLANG_WARN_DEPRECATED_OBJC_IMPLEMENTATIONS = YES;
				CLANG_WARN_DIRECT_OBJC_ISA_USAGE = YES_ERROR;
				CLANG_WARN_DOCUMENTATION_COMMENTS = YES;
				CLANG_WARN_EMPTY_BODY = YES;
				CLANG_WARN_ENUM_CONVERSION = YES;
				CLANG_WARN_INFINITE_RECURSION = YES;
				CLANG_WARN_INT_CONVERSION = YES;
				CLANG_WARN_NON_LITERAL_NULL_CONVERSION = YES;
				CLANG_WARN_OBJC_IMPLICIT_RETAIN_SELF = YES;
				CLANG_WARN_OBJC_LITERAL_CONVERSION = YES;
				CLANG_WARN_OBJC_ROOT_CLASS = YES_ERROR;
				CLANG_WARN_QUOTED_INCLUDE_IN_FRAMEWORK_HEADER = YES;
				CLANG_WARN_RANGE_LOOP_ANALYSIS = YES;
				CLANG_WARN_STRICT_PROTOTYPES = YES;
				CLANG_WARN_SUSPICIOUS_MOVE = YES;
				CLANG_WARN_UNGUARDED_AVAILABILITY = YES_AGGRESSIVE;
				CLANG_WARN_UNREACHABLE_CODE = YES;
				CLANG_WARN__DUPLICATE_METHOD_MATCH = YES;
				COPY_PHASE_STRIP = NO;
				DEBUG_INFORMATION_FORMAT = "dwarf-with-dsym";
				ENABLE_NS_ASSERTIONS = NO;
				ENABLE_STRICT_OBJC_MSGSEND = YES;
				GCC_C_LANGUAGE_STANDARD = gnu11;
				GCC_NO_COMMON_BLOCKS = YES;
				GCC_WARN_64_TO_32_BIT_CONVERSION = YES;
				GCC_WARN_ABOUT_RETURN_TYPE = YES_ERROR;
				GCC_WARN_UNDECLARED_SELECTOR = YES;
				GCC_WARN_UNINITIALIZED_AUTOS = YES_AGGRESSIVE;
				GCC_WARN_UNUSED_FUNCTION = YES;
				GCC_WARN_UNUSED_VARIABLE = YES;
				IPHONEOS_DEPLOYMENT_TARGET = 15.5;
				MTL_ENABLE_DEBUG_INFO = NO;
				MTL_FAST_MATH = YES;
				SDKROOT = iphoneos;
				VALIDATE_PRODUCT = YES;
			};
			name = Release;
		};
		8E43C6C928DD46CB00C77080 /* Debug */ = {
			isa = XCBuildConfiguration;
			buildSettings = {
				ASSETCATALOG_COMPILER_APPICON_NAME = AppIcon;
				ASSETCATALOG_COMPILER_GLOBAL_ACCENT_COLOR_NAME = AccentColor;
				CODE_SIGN_STYLE = Automatic;
				CURRENT_PROJECT_VERSION = 1;
				GENERATE_INFOPLIST_FILE = YES;
				INFOPLIST_FILE = TestDraw/Info.plist;
				INFOPLIST_KEY_UIApplicationSupportsIndirectInputEvents = YES;
				INFOPLIST_KEY_UILaunchStoryboardName = LaunchScreen;
				INFOPLIST_KEY_UIMainStoryboardFile = Main;
				INFOPLIST_KEY_UISupportedInterfaceOrientations_iPad = "UIInterfaceOrientationPortrait UIInterfaceOrientationPortraitUpsideDown UIInterfaceOrientationLandscapeLeft UIInterfaceOrientationLandscapeRight";
				INFOPLIST_KEY_UISupportedInterfaceOrientations_iPhone = "UIInterfaceOrientationPortrait UIInterfaceOrientationLandscapeLeft UIInterfaceOrientationLandscapeRight";
				LD_RUNPATH_SEARCH_PATHS = (
					"$(inherited)",
					"@executable_path/Frameworks",
				);
				MARKETING_VERSION = 1.0;
				PRODUCT_BUNDLE_IDENTIFIER = com.mpmmmm.TestDraw;
				PRODUCT_NAME = "$(TARGET_NAME)";
				SWIFT_EMIT_LOC_STRINGS = YES;
				TARGETED_DEVICE_FAMILY = "1,2";
			};
			name = Debug;
		};
		8E43C6CA28DD46CB00C77080 /* Release */ = {
			isa = XCBuildConfiguration;
			buildSettings = {
				ASSETCATALOG_COMPILER_APPICON_NAME = AppIcon;
				ASSETCATALOG_COMPILER_GLOBAL_ACCENT_COLOR_NAME = AccentColor;
				CODE_SIGN_STYLE = Automatic;
				CURRENT_PROJECT_VERSION = 1;
				GENERATE_INFOPLIST_FILE = YES;
				INFOPLIST_FILE = TestDraw/Info.plist;
				INFOPLIST_KEY_UIApplicationSupportsIndirectInputEvents = YES;
				INFOPLIST_KEY_UILaunchStoryboardName = LaunchScreen;
				INFOPLIST_KEY_UIMainStoryboardFile = Main;
				INFOPLIST_KEY_UISupportedInterfaceOrientations_iPad = "UIInterfaceOrientationPortrait UIInterfaceOrientationPortraitUpsideDown UIInterfaceOrientationLandscapeLeft UIInterfaceOrientationLandscapeRight";
				INFOPLIST_KEY_UISupportedInterfaceOrientations_iPhone = "UIInterfaceOrientationPortrait UIInterfaceOrientationLandscapeLeft UIInterfaceOrientationLandscapeRight";
				LD_RUNPATH_SEARCH_PATHS = (
					"$(inherited)",
					"@executable_path/Frameworks",
				);
				MARKETING_VERSION = 1.0;
				PRODUCT_BUNDLE_IDENTIFIER = com.mpmmmm.TestDraw;
				PRODUCT_NAME = "$(TARGET_NAME)";
				SWIFT_EMIT_LOC_STRINGS = YES;
				TARGETED_DEVICE_FAMILY = "1,2";
			};
			name = Release;
		};
		8E43C6CC28DD46CB00C77080 /* Debug */ = {
			isa = XCBuildConfiguration;
			buildSettings = {
				BUNDLE_LOADER = "$(TEST_HOST)";
				CODE_SIGN_STYLE = Automatic;
				CURRENT_PROJECT_VERSION = 1;
				GENERATE_INFOPLIST_FILE = YES;
				IPHONEOS_DEPLOYMENT_TARGET = 15.5;
				MARKETING_VERSION = 1.0;
				PRODUCT_BUNDLE_IDENTIFIER = com.mpmmmm.TestDrawTests;
				PRODUCT_NAME = "$(TARGET_NAME)";
				SWIFT_EMIT_LOC_STRINGS = NO;
				TARGETED_DEVICE_FAMILY = "1,2";
				TEST_HOST = "$(BUILT_PRODUCTS_DIR)/TestDraw.app/TestDraw";
			};
			name = Debug;
		};
		8E43C6CD28DD46CB00C77080 /* Release */ = {
			isa = XCBuildConfiguration;
			buildSettings = {
				BUNDLE_LOADER = "$(TEST_HOST)";
				CODE_SIGN_STYLE = Automatic;
				CURRENT_PROJECT_VERSION = 1;
				GENERATE_INFOPLIST_FILE = YES;
				IPHONEOS_DEPLOYMENT_TARGET = 15.5;
				MARKETING_VERSION = 1.0;
				PRODUCT_BUNDLE_IDENTIFIER = com.mpmmmm.TestDrawTests;
				PRODUCT_NAME = "$(TARGET_NAME)";
				SWIFT_EMIT_LOC_STRINGS = NO;
				TARGETED_DEVICE_FAMILY = "1,2";
				TEST_HOST = "$(BUILT_PRODUCTS_DIR)/TestDraw.app/TestDraw";
			};
			name = Release;
		};
		8E43C6CF28DD46CB00C77080 /* Debug */ = {
			isa = XCBuildConfiguration;
			buildSettings = {
				CODE_SIGN_STYLE = Automatic;
				CURRENT_PROJECT_VERSION = 1;
				GENERATE_INFOPLIST_FILE = YES;
				MARKETING_VERSION = 1.0;
				PRODUCT_BUNDLE_IDENTIFIER = com.mpmmmm.TestDrawUITests;
				PRODUCT_NAME = "$(TARGET_NAME)";
				SWIFT_EMIT_LOC_STRINGS = NO;
				TARGETED_DEVICE_FAMILY = "1,2";
				TEST_TARGET_NAME = TestDraw;
			};
			name = Debug;
		};
		8E43C6D028DD46CB00C77080 /* Release */ = {
			isa = XCBuildConfiguration;
			buildSettings = {
				CODE_SIGN_STYLE = Automatic;
				CURRENT_PROJECT_VERSION = 1;
				GENERATE_INFOPLIST_FILE = YES;
				MARKETING_VERSION = 1.0;
				PRODUCT_BUNDLE_IDENTIFIER = com.mpmmmm.TestDrawUITests;
				PRODUCT_NAME = "$(TARGET_NAME)";
				SWIFT_EMIT_LOC_STRINGS = NO;
				TARGETED_DEVICE_FAMILY = "1,2";
				TEST_TARGET_NAME = TestDraw;
			};
			name = Release;
		};
/* End XCBuildConfiguration section */

/* Begin XCConfigurationList section */
		8E43C69428DD46C900C77080 /* Build configuration list for PBXProject "TestDraw" */ = {
			isa = XCConfigurationList;
			buildConfigurations = (
				8E43C6C628DD46CB00C77080 /* Debug */,
				8E43C6C728DD46CB00C77080 /* Release */,
			);
			defaultConfigurationIsVisible = 0;
			defaultConfigurationName = Release;
		};
		8E43C6C828DD46CB00C77080 /* Build configuration list for PBXNativeTarget "TestDraw" */ = {
			isa = XCConfigurationList;
			buildConfigurations = (
				8E43C6C928DD46CB00C77080 /* Debug */,
				8E43C6CA28DD46CB00C77080 /* Release */,
			);
			defaultConfigurationIsVisible = 0;
			defaultConfigurationName = Release;
		};
		8E43C6CB28DD46CB00C77080 /* Build configuration list for PBXNativeTarget "TestDrawTests" */ = {
			isa = XCConfigurationList;
			buildConfigurations = (
				8E43C6CC28DD46CB00C77080 /* Debug */,
				8E43C6CD28DD46CB00C77080 /* Release */,
			);
			defaultConfigurationIsVisible = 0;
			defaultConfigurationName = Release;
		};
		8E43C6CE28DD46CB00C77080 /* Build configuration list for PBXNativeTarget "TestDrawUITests" */ = {
			isa = XCConfigurationList;
			buildConfigurations = (
				8E43C6CF28DD46CB00C77080 /* Debug */,
				8E43C6D028DD46CB00C77080 /* Release */,
			);
			defaultConfigurationIsVisible = 0;
			defaultConfigurationName = Release;
		};
/* End XCConfigurationList section */
	};
	rootObject = 8E43C69128DD46C900C77080 /* Project object */;
}
